
Microsoft Visual Studio Solution File, Format Version 12.00
# Visual Studio Version 17
VisualStudioVersion = 17.7.34003.232
MinimumVisualStudioVersion = 10.0.40219.1
Project("{FAE04EC0-301F-11D3-BF4B-00C04F79EFBC}") = "FloresUni", "FloresUni\FloresUni.csproj", "{26FBC422-35D4-4C9C-BB8C-06ACA2A3F7F3}"
EndProject
Global
	GlobalSection(SolutionConfigurationPlatforms) = preSolution
		Debug|Any CPU = Debug|Any CPU
		Release|Any CPU = Release|Any CPU
	EndGlobalSection
	GlobalSection(ProjectConfigurationPlatforms) = postSolution
		{26FBC422-35D4-4C9C-BB8C-06ACA2A3F7F3}.Debug|Any CPU.ActiveCfg = Debug|Any CPU
		{26FBC422-35D4-4C9C-BB8C-06ACA2A3F7F3}.Debug|Any CPU.Build.0 = Debug|Any CPU
		{26FBC422-35D4-4C9C-BB8C-06ACA2A3F7F3}.Release|Any CPU.ActiveCfg = Release|Any CPU
		{26FBC422-35D4-4C9C-BB8C-06ACA2A3F7F3}.Release|Any CPU.Build.0 = Release|Any CPU
	EndGlobalSection
	GlobalSection(SolutionProperties) = preSolution
		HideSolutionNode = FALSE
	EndGlobalSection
	GlobalSection(ExtensibilityGlobals) = postSolution
		SolutionGuid = {88DC8D7F-459C-4C71-89CB-C398F505F015}
	EndGlobalSection
EndGlobal
